
Microsoft Visual Studio Solution File, Format Version 12.00
# Visual Studio 15
VisualStudioVersion = 15.0.27130.2010
MinimumVisualStudioVersion = 10.0.40219.1
Project("{9A19103F-16F7-4668-BE54-9A1E7A4F7556}") = "todoApp", "todoApp.csproj", "{F1967568-2B85-49BC-B89A-C777D728B2E3}"
EndProject
Global
	GlobalSection(SolutionConfigurationPlatforms) = preSolution
		Debug|Any CPU = Debug|Any CPU
		Release|Any CPU = Release|Any CPU
	EndGlobalSection
	GlobalSection(ProjectConfigurationPlatforms) = postSolution
		{F1967568-2B85-49BC-B89A-C777D728B2E3}.Debug|Any CPU.ActiveCfg = Debug|Any CPU
		{F1967568-2B85-49BC-B89A-C777D728B2E3}.Debug|Any CPU.Build.0 = Debug|Any CPU
		{F1967568-2B85-49BC-B89A-C777D728B2E3}.Release|Any CPU.ActiveCfg = Release|Any CPU
		{F1967568-2B85-49BC-B89A-C777D728B2E3}.Release|Any CPU.Build.0 = Release|Any CPU
	EndGlobalSection
	GlobalSection(SolutionProperties) = preSolution
		HideSolutionNode = FALSE
	EndGlobalSection
	GlobalSection(ExtensibilityGlobals) = postSolution
		SolutionGuid = {4F56145C-AC2A-4E76-9E88-CEBC093CBC2F}
	EndGlobalSection
EndGlobal
